
Microsoft Visual Studio Solution File, Format Version 12.00
# Visual Studio Version 17
VisualStudioVersion = 17.8.34330.188
MinimumVisualStudioVersion = 10.0.40219.1
Project("{9A19103F-16F7-4668-BE54-9A1E7A4F7556}") = "ToDo.Data", "ToDo.Data\ToDo.Data.csproj", "{250C73E8-A0DD-476F-882F-85FD51D92A08}"
EndProject
Project("{9A19103F-16F7-4668-BE54-9A1E7A4F7556}") = "ToDo.Service", "ToDo.Service\ToDo.Service.csproj", "{316D6E76-D368-4DB0-AF64-9B6E8D6FD073}"
	ProjectSection(ProjectDependencies) = postProject
		{250C73E8-A0DD-476F-882F-85FD51D92A08} = {250C73E8-A0DD-476F-882F-85FD51D92A08}
	EndProjectSection
EndProject
Project("{9A19103F-16F7-4668-BE54-9A1E7A4F7556}") = "ToDo.WebApi", "ToDo.WebApi\ToDo.WebApi.csproj", "{76BD36D8-1ED2-491F-BA19-B967F4FF9984}"
	ProjectSection(ProjectDependencies) = postProject
		{316D6E76-D368-4DB0-AF64-9B6E8D6FD073} = {316D6E76-D368-4DB0-AF64-9B6E8D6FD073}
	EndProjectSection
EndProject
Project("{FAE04EC0-301F-11D3-BF4B-00C04F79EFBC}") = "ToDo.Tests", "ToDo.Tests\ToDo.Tests.csproj", "{09261C97-C271-45AA-813B-499F3F6FA7FD}"
EndProject
Global
	GlobalSection(SolutionConfigurationPlatforms) = preSolution
		Debug|Any CPU = Debug|Any CPU
		Release|Any CPU = Release|Any CPU
	EndGlobalSection
	GlobalSection(ProjectConfigurationPlatforms) = postSolution
		{250C73E8-A0DD-476F-882F-85FD51D92A08}.Debug|Any CPU.ActiveCfg = Debug|Any CPU
		{250C73E8-A0DD-476F-882F-85FD51D92A08}.Debug|Any CPU.Build.0 = Debug|Any CPU
		{250C73E8-A0DD-476F-882F-85FD51D92A08}.Release|Any CPU.ActiveCfg = Release|Any CPU
		{250C73E8-A0DD-476F-882F-85FD51D92A08}.Release|Any CPU.Build.0 = Release|Any CPU
		{316D6E76-D368-4DB0-AF64-9B6E8D6FD073}.Debug|Any CPU.ActiveCfg = Debug|Any CPU
		{316D6E76-D368-4DB0-AF64-9B6E8D6FD073}.Debug|Any CPU.Build.0 = Debug|Any CPU
		{316D6E76-D368-4DB0-AF64-9B6E8D6FD073}.Release|Any CPU.ActiveCfg = Release|Any CPU
		{316D6E76-D368-4DB0-AF64-9B6E8D6FD073}.Release|Any CPU.Build.0 = Release|Any CPU
		{76BD36D8-1ED2-491F-BA19-B967F4FF9984}.Debug|Any CPU.ActiveCfg = Debug|Any CPU
		{76BD36D8-1ED2-491F-BA19-B967F4FF9984}.Debug|Any CPU.Build.0 = Debug|Any CPU
		{76BD36D8-1ED2-491F-BA19-B967F4FF9984}.Release|Any CPU.ActiveCfg = Release|Any CPU
		{76BD36D8-1ED2-491F-BA19-B967F4FF9984}.Release|Any CPU.Build.0 = Release|Any CPU
		{09261C97-C271-45AA-813B-499F3F6FA7FD}.Debug|Any CPU.ActiveCfg = Debug|Any CPU
		{09261C97-C271-45AA-813B-499F3F6FA7FD}.Debug|Any CPU.Build.0 = Debug|Any CPU
		{09261C97-C271-45AA-813B-499F3F6FA7FD}.Release|Any CPU.ActiveCfg = Release|Any CPU
		{09261C97-C271-45AA-813B-499F3F6FA7FD}.Release|Any CPU.Build.0 = Release|Any CPU
	EndGlobalSection
	GlobalSection(SolutionProperties) = preSolution
		HideSolutionNode = FALSE
	EndGlobalSection
	GlobalSection(ExtensibilityGlobals) = postSolution
		SolutionGuid = {491E2968-1D38-42D2-8939-B44379A347BD}
	EndGlobalSection
EndGlobal
